
Microsoft Visual Studio Solution File, Format Version 12.00
# Visual Studio Version 17
VisualStudioVersion = 17.2.32630.192
MinimumVisualStudioVersion = 10.0.40219.1
Project("{FAE04EC0-301F-11D3-BF4B-00C04F79EFBC}") = "BasicWhileLoops", "BasicWhileLoops.csproj", "{BCB6C1CD-643F-43BF-A779-3274BCEF8AE1}"
EndProject
Global
	GlobalSection(SolutionConfigurationPlatforms) = preSolution
		Debug|Any CPU = Debug|Any CPU
		Release|Any CPU = Release|Any CPU
	EndGlobalSection
	GlobalSection(ProjectConfigurationPlatforms) = postSolution
		{BCB6C1CD-643F-43BF-A779-3274BCEF8AE1}.Debug|Any CPU.ActiveCfg = Debug|Any CPU
		{BCB6C1CD-643F-43BF-A779-3274BCEF8AE1}.Debug|Any CPU.Build.0 = Debug|Any CPU
		{BCB6C1CD-643F-43BF-A779-3274BCEF8AE1}.Release|Any CPU.ActiveCfg = Release|Any CPU
		{BCB6C1CD-643F-43BF-A779-3274BCEF8AE1}.Release|Any CPU.Build.0 = Release|Any CPU
	EndGlobalSection
	GlobalSection(SolutionProperties) = preSolution
		HideSolutionNode = FALSE
	EndGlobalSection
	GlobalSection(ExtensibilityGlobals) = postSolution
		SolutionGuid = {5D0961BF-B8AC-437B-BB91-7F1D726A11AB}
	EndGlobalSection
EndGlobal
